// !$*UTF8*$!
{
	archiveVersion = 1;
	classes = {
	};
	objectVersion = 56;
	objects = {

/* Begin PBXBuildFile section */
		AF59810D2C05F54B007B9DB7 /* SnapKit in Frameworks */ = {isa = PBXBuildFile; productRef = AF59810C2C05F54B007B9DB7 /* SnapKit */; };
		AF59810F2C05F54B007B9DB7 /* SnapKit-Dynamic in Frameworks */ = {isa = PBXBuildFile; productRef = AF59810E2C05F54B007B9DB7 /* SnapKit-Dynamic */; };
		AF59811A2C061816007B9DB7 /* GFEmptyStateView.swift in Sources */ = {isa = PBXBuildFile; fileRef = AF5981192C061816007B9DB7 /* GFEmptyStateView.swift */; };
		AF59811C2C0712CD007B9DB7 /* UserInfoVC.swift in Sources */ = {isa = PBXBuildFile; fileRef = AF59811B2C0712CD007B9DB7 /* UserInfoVC.swift */; };
		AF59811E2C0746FF007B9DB7 /* GFError.swift in Sources */ = {isa = PBXBuildFile; fileRef = AF59811D2C0746FF007B9DB7 /* GFError.swift */; };
		AF5981202C074966007B9DB7 /* GFUserInfoHeaderVC.swift in Sources */ = {isa = PBXBuildFile; fileRef = AF59811F2C074966007B9DB7 /* GFUserInfoHeaderVC.swift */; };
		AF5981222C0749E9007B9DB7 /* GFSecondaryTitleLabel.swift in Sources */ = {isa = PBXBuildFile; fileRef = AF5981212C0749E9007B9DB7 /* GFSecondaryTitleLabel.swift */; };
		AF5981242C0750F2007B9DB7 /* Constants.swift in Sources */ = {isa = PBXBuildFile; fileRef = AF5981232C0750F2007B9DB7 /* Constants.swift */; };
		AF5981262C075D7D007B9DB7 /* GFItemInfoView.swift in Sources */ = {isa = PBXBuildFile; fileRef = AF5981252C075D7D007B9DB7 /* GFItemInfoView.swift */; };
		AF5981282C09B4CF007B9DB7 /* GFItemInfoVC.swift in Sources */ = {isa = PBXBuildFile; fileRef = AF5981272C09B4CF007B9DB7 /* GFItemInfoVC.swift */; };
		AF59812A2C09B92B007B9DB7 /* GFRepoItemVC.swift in Sources */ = {isa = PBXBuildFile; fileRef = AF5981292C09B92B007B9DB7 /* GFRepoItemVC.swift */; };
		AF59812C2C09BB35007B9DB7 /* GFFollowerItemVC.swift in Sources */ = {isa = PBXBuildFile; fileRef = AF59812B2C09BB35007B9DB7 /* GFFollowerItemVC.swift */; };
		AF5981302C09C215007B9DB7 /* Date+Ext.swift in Sources */ = {isa = PBXBuildFile; fileRef = AF59812F2C09C215007B9DB7 /* Date+Ext.swift */; };
		AF5981342C09E8AB007B9DB7 /* PersistenceManager.swift in Sources */ = {isa = PBXBuildFile; fileRef = AF5981332C09E8AB007B9DB7 /* PersistenceManager.swift */; };
		AF5981362C0A05D0007B9DB7 /* FavoriteCell.swift in Sources */ = {isa = PBXBuildFile; fileRef = AF5981352C0A05D0007B9DB7 /* FavoriteCell.swift */; };
		AF5981392C0DD205007B9DB7 /* GFTabBarController.swift in Sources */ = {isa = PBXBuildFile; fileRef = AF5981382C0DD205007B9DB7 /* GFTabBarController.swift */; };
		AF59813B2C0DE686007B9DB7 /* GFAlertContainerView.swift in Sources */ = {isa = PBXBuildFile; fileRef = AF59813A2C0DE686007B9DB7 /* GFAlertContainerView.swift */; };
		AF59813D2C0DF171007B9DB7 /* GFDataLoadingVC.swift in Sources */ = {isa = PBXBuildFile; fileRef = AF59813C2C0DF171007B9DB7 /* GFDataLoadingVC.swift */; };
		AF9F9F912BFE3A4900538647 /* UIHelper.swift in Sources */ = {isa = PBXBuildFile; fileRef = AF9F9F902BFE3A4900538647 /* UIHelper.swift */; };
		AFDEF8792BE0F4BA0050AA54 /* AppDelegate.swift in Sources */ = {isa = PBXBuildFile; fileRef = AFDEF8782BE0F4BA0050AA54 /* AppDelegate.swift */; };
		AFDEF87B2BE0F4BA0050AA54 /* SceneDelegate.swift in Sources */ = {isa = PBXBuildFile; fileRef = AFDEF87A2BE0F4BA0050AA54 /* SceneDelegate.swift */; };
		AFDEF8822BE0F4BC0050AA54 /* Assets.xcassets in Resources */ = {isa = PBXBuildFile; fileRef = AFDEF8812BE0F4BC0050AA54 /* Assets.xcassets */; };
		AFDEF8852BE0F4BC0050AA54 /* Base in Resources */ = {isa = PBXBuildFile; fileRef = AFDEF8842BE0F4BC0050AA54 /* Base */; };
		AFFD3F1D2BE54DFF000A1AC2 /* SearchVC.swift in Sources */ = {isa = PBXBuildFile; fileRef = AFFD3F1C2BE54DFF000A1AC2 /* SearchVC.swift */; };
		AFFD3F1F2BE54E3F000A1AC2 /* FavoritesListVC.swift in Sources */ = {isa = PBXBuildFile; fileRef = AFFD3F1E2BE54E3F000A1AC2 /* FavoritesListVC.swift */; };
		AFFD3F212BE55CFC000A1AC2 /* GFButton.swift in Sources */ = {isa = PBXBuildFile; fileRef = AFFD3F202BE55CFC000A1AC2 /* GFButton.swift */; };
		AFFD3F282BE7EF7C000A1AC2 /* GFTextField.swift in Sources */ = {isa = PBXBuildFile; fileRef = AFFD3F272BE7EF7C000A1AC2 /* GFTextField.swift */; };
		AFFD3F2A2BE81319000A1AC2 /* FollowerListVC.swift in Sources */ = {isa = PBXBuildFile; fileRef = AFFD3F292BE81319000A1AC2 /* FollowerListVC.swift */; };
		AFFD3F2C2BE8199D000A1AC2 /* GFTitleLabel.swift in Sources */ = {isa = PBXBuildFile; fileRef = AFFD3F2B2BE8199D000A1AC2 /* GFTitleLabel.swift */; };
		AFFD3F2E2BE8AA29000A1AC2 /* GFBodyLabel.swift in Sources */ = {isa = PBXBuildFile; fileRef = AFFD3F2D2BE8AA29000A1AC2 /* GFBodyLabel.swift */; };
		AFFD3F302BE8AB4F000A1AC2 /* GFAlertVC.swift in Sources */ = {isa = PBXBuildFile; fileRef = AFFD3F2F2BE8AB4F000A1AC2 /* GFAlertVC.swift */; };
		AFFD3F322BE8BFE3000A1AC2 /* UIViewController+Ext.swift in Sources */ = {isa = PBXBuildFile; fileRef = AFFD3F312BE8BFE3000A1AC2 /* UIViewController+Ext.swift */; };
		AFFD3F392BE8CB75000A1AC2 /* Follower.swift in Sources */ = {isa = PBXBuildFile; fileRef = AFFD3F382BE8CB75000A1AC2 /* Follower.swift */; };
		AFFD3F3B2BE96CF9000A1AC2 /* User.swift in Sources */ = {isa = PBXBuildFile; fileRef = AFFD3F3A2BE96CF9000A1AC2 /* User.swift */; };
		AFFD3F3E2BE9FC89000A1AC2 /* NetworkManager.swift in Sources */ = {isa = PBXBuildFile; fileRef = AFFD3F3D2BE9FC89000A1AC2 /* NetworkManager.swift */; };
		AFFD3F442BEA4109000A1AC2 /* FollowerCell.swift in Sources */ = {isa = PBXBuildFile; fileRef = AFFD3F432BEA4109000A1AC2 /* FollowerCell.swift */; };
		AFFD3F462BEA41EA000A1AC2 /* GFAvatarImageView.swift in Sources */ = {isa = PBXBuildFile; fileRef = AFFD3F452BEA41EA000A1AC2 /* GFAvatarImageView.swift */; };
/* End PBXBuildFile section */

/* Begin PBXFileReference section */
		AF5981192C061816007B9DB7 /* GFEmptyStateView.swift */ = {isa = PBXFileReference; lastKnownFileType = sourcecode.swift; path = GFEmptyStateView.swift; sourceTree = "<group>"; };
		AF59811B2C0712CD007B9DB7 /* UserInfoVC.swift */ = {isa = PBXFileReference; lastKnownFileType = sourcecode.swift; path = UserInfoVC.swift; sourceTree = "<group>"; };
		AF59811D2C0746FF007B9DB7 /* GFError.swift */ = {isa = PBXFileReference; lastKnownFileType = sourcecode.swift; path = GFError.swift; sourceTree = "<group>"; };
		AF59811F2C074966007B9DB7 /* GFUserInfoHeaderVC.swift */ = {isa = PBXFileReference; lastKnownFileType = sourcecode.swift; path = GFUserInfoHeaderVC.swift; sourceTree = "<group>"; };
		AF5981212C0749E9007B9DB7 /* GFSecondaryTitleLabel.swift */ = {isa = PBXFileReference; lastKnownFileType = sourcecode.swift; path = GFSecondaryTitleLabel.swift; sourceTree = "<group>"; };
		AF5981232C0750F2007B9DB7 /* Constants.swift */ = {isa = PBXFileReference; lastKnownFileType = sourcecode.swift; path = Constants.swift; sourceTree = "<group>"; };
		AF5981252C075D7D007B9DB7 /* GFItemInfoView.swift */ = {isa = PBXFileReference; lastKnownFileType = sourcecode.swift; path = GFItemInfoView.swift; sourceTree = "<group>"; };
		AF5981272C09B4CF007B9DB7 /* GFItemInfoVC.swift */ = {isa = PBXFileReference; lastKnownFileType = sourcecode.swift; path = GFItemInfoVC.swift; sourceTree = "<group>"; };
		AF5981292C09B92B007B9DB7 /* GFRepoItemVC.swift */ = {isa = PBXFileReference; lastKnownFileType = sourcecode.swift; path = GFRepoItemVC.swift; sourceTree = "<group>"; };
		AF59812B2C09BB35007B9DB7 /* GFFollowerItemVC.swift */ = {isa = PBXFileReference; lastKnownFileType = sourcecode.swift; path = GFFollowerItemVC.swift; sourceTree = "<group>"; };
		AF59812F2C09C215007B9DB7 /* Date+Ext.swift */ = {isa = PBXFileReference; lastKnownFileType = sourcecode.swift; path = "Date+Ext.swift"; sourceTree = "<group>"; };
		AF5981332C09E8AB007B9DB7 /* PersistenceManager.swift */ = {isa = PBXFileReference; lastKnownFileType = sourcecode.swift; path = PersistenceManager.swift; sourceTree = "<group>"; };
		AF5981352C0A05D0007B9DB7 /* FavoriteCell.swift */ = {isa = PBXFileReference; lastKnownFileType = sourcecode.swift; path = FavoriteCell.swift; sourceTree = "<group>"; };
		AF5981382C0DD205007B9DB7 /* GFTabBarController.swift */ = {isa = PBXFileReference; lastKnownFileType = sourcecode.swift; path = GFTabBarController.swift; sourceTree = "<group>"; };
		AF59813A2C0DE686007B9DB7 /* GFAlertContainerView.swift */ = {isa = PBXFileReference; lastKnownFileType = sourcecode.swift; path = GFAlertContainerView.swift; sourceTree = "<group>"; };
		AF59813C2C0DF171007B9DB7 /* GFDataLoadingVC.swift */ = {isa = PBXFileReference; lastKnownFileType = sourcecode.swift; path = GFDataLoadingVC.swift; sourceTree = "<group>"; };
		AF9F9F902BFE3A4900538647 /* UIHelper.swift */ = {isa = PBXFileReference; lastKnownFileType = sourcecode.swift; path = UIHelper.swift; sourceTree = "<group>"; };
		AFDEF8752BE0F4BA0050AA54 /* GitHubFollowers.app */ = {isa = PBXFileReference; explicitFileType = wrapper.application; includeInIndex = 0; path = GitHubFollowers.app; sourceTree = BUILT_PRODUCTS_DIR; };
		AFDEF8782BE0F4BA0050AA54 /* AppDelegate.swift */ = {isa = PBXFileReference; lastKnownFileType = sourcecode.swift; path = AppDelegate.swift; sourceTree = "<group>"; };
		AFDEF87A2BE0F4BA0050AA54 /* SceneDelegate.swift */ = {isa = PBXFileReference; lastKnownFileType = sourcecode.swift; path = SceneDelegate.swift; sourceTree = "<group>"; };
		AFDEF8812BE0F4BC0050AA54 /* Assets.xcassets */ = {isa = PBXFileReference; lastKnownFileType = folder.assetcatalog; path = Assets.xcassets; sourceTree = "<group>"; };
		AFDEF8842BE0F4BC0050AA54 /* Base */ = {isa = PBXFileReference; lastKnownFileType = file.storyboard; name = Base; path = Base.lproj/LaunchScreen.storyboard; sourceTree = "<group>"; };
		AFDEF8862BE0F4BC0050AA54 /* Info.plist */ = {isa = PBXFileReference; lastKnownFileType = text.plist.xml; path = Info.plist; sourceTree = "<group>"; };
		AFFD3F1C2BE54DFF000A1AC2 /* SearchVC.swift */ = {isa = PBXFileReference; lastKnownFileType = sourcecode.swift; path = SearchVC.swift; sourceTree = "<group>"; };
		AFFD3F1E2BE54E3F000A1AC2 /* FavoritesListVC.swift */ = {isa = PBXFileReference; lastKnownFileType = sourcecode.swift; path = FavoritesListVC.swift; sourceTree = "<group>"; };
		AFFD3F202BE55CFC000A1AC2 /* GFButton.swift */ = {isa = PBXFileReference; lastKnownFileType = sourcecode.swift; path = GFButton.swift; sourceTree = "<group>"; };
		AFFD3F272BE7EF7C000A1AC2 /* GFTextField.swift */ = {isa = PBXFileReference; lastKnownFileType = sourcecode.swift; path = GFTextField.swift; sourceTree = "<group>"; };
		AFFD3F292BE81319000A1AC2 /* FollowerListVC.swift */ = {isa = PBXFileReference; lastKnownFileType = sourcecode.swift; path = FollowerListVC.swift; sourceTree = "<group>"; };
		AFFD3F2B2BE8199D000A1AC2 /* GFTitleLabel.swift */ = {isa = PBXFileReference; lastKnownFileType = sourcecode.swift; path = GFTitleLabel.swift; sourceTree = "<group>"; };
		AFFD3F2D2BE8AA29000A1AC2 /* GFBodyLabel.swift */ = {isa = PBXFileReference; lastKnownFileType = sourcecode.swift; path = GFBodyLabel.swift; sourceTree = "<group>"; };
		AFFD3F2F2BE8AB4F000A1AC2 /* GFAlertVC.swift */ = {isa = PBXFileReference; lastKnownFileType = sourcecode.swift; path = GFAlertVC.swift; sourceTree = "<group>"; };
		AFFD3F312BE8BFE3000A1AC2 /* UIViewController+Ext.swift */ = {isa = PBXFileReference; lastKnownFileType = sourcecode.swift; path = "UIViewController+Ext.swift"; sourceTree = "<group>"; };
		AFFD3F382BE8CB75000A1AC2 /* Follower.swift */ = {isa = PBXFileReference; lastKnownFileType = sourcecode.swift; path = Follower.swift; sourceTree = "<group>"; };
		AFFD3F3A2BE96CF9000A1AC2 /* User.swift */ = {isa = PBXFileReference; lastKnownFileType = sourcecode.swift; path = User.swift; sourceTree = "<group>"; };
		AFFD3F3D2BE9FC89000A1AC2 /* NetworkManager.swift */ = {isa = PBXFileReference; lastKnownFileType = sourcecode.swift; path = NetworkManager.swift; sourceTree = "<group>"; };
		AFFD3F432BEA4109000A1AC2 /* FollowerCell.swift */ = {isa = PBXFileReference; lastKnownFileType = sourcecode.swift; path = FollowerCell.swift; sourceTree = "<group>"; };
		AFFD3F452BEA41EA000A1AC2 /* GFAvatarImageView.swift */ = {isa = PBXFileReference; lastKnownFileType = sourcecode.swift; path = GFAvatarImageView.swift; sourceTree = "<group>"; };
/* End PBXFileReference section */

/* Begin PBXFrameworksBuildPhase section */
		AFDEF8722BE0F4BA0050AA54 /* Frameworks */ = {
			isa = PBXFrameworksBuildPhase;
			buildActionMask = 2147483647;
			files = (
				AF59810D2C05F54B007B9DB7 /* SnapKit in Frameworks */,
				AF59810F2C05F54B007B9DB7 /* SnapKit-Dynamic in Frameworks */,
			);
			runOnlyForDeploymentPostprocessing = 0;
		};
/* End PBXFrameworksBuildPhase section */

/* Begin PBXGroup section */
		AF5981102C061730007B9DB7 /* Views */ = {
			isa = PBXGroup;
			children = (
				AF5981192C061816007B9DB7 /* GFEmptyStateView.swift */,
				AF5981252C075D7D007B9DB7 /* GFItemInfoView.swift */,
				AF59813A2C0DE686007B9DB7 /* GFAlertContainerView.swift */,
			);
			path = Views;
			sourceTree = "<group>";
		};
		AF5981112C061738007B9DB7 /* Buttons */ = {
			isa = PBXGroup;
			children = (
				AFFD3F202BE55CFC000A1AC2 /* GFButton.swift */,
			);
			path = Buttons;
			sourceTree = "<group>";
		};
		AF5981122C061747007B9DB7 /* TextFields */ = {
			isa = PBXGroup;
			children = (
				AFFD3F272BE7EF7C000A1AC2 /* GFTextField.swift */,
			);
			path = TextFields;
			sourceTree = "<group>";
		};
		AF5981132C061758007B9DB7 /* ImageViews */ = {
			isa = PBXGroup;
			children = (
				AFFD3F452BEA41EA000A1AC2 /* GFAvatarImageView.swift */,
			);
			path = ImageViews;
			sourceTree = "<group>";
		};
		AF5981142C061768007B9DB7 /* Controllers */ = {
			isa = PBXGroup;
			children = (
				AF59812E2C09BBA8007B9DB7 /* ItemInfoVCs */,
				AFFD3F2F2BE8AB4F000A1AC2 /* GFAlertVC.swift */,
				AF59811F2C074966007B9DB7 /* GFUserInfoHeaderVC.swift */,
				AF59813C2C0DF171007B9DB7 /* GFDataLoadingVC.swift */,
			);
			path = Controllers;
			sourceTree = "<group>";
		};
		AF5981152C061784007B9DB7 /* Labels */ = {
			isa = PBXGroup;
			children = (
				AFFD3F2B2BE8199D000A1AC2 /* GFTitleLabel.swift */,
				AFFD3F2D2BE8AA29000A1AC2 /* GFBodyLabel.swift */,
				AF5981212C0749E9007B9DB7 /* GFSecondaryTitleLabel.swift */,
			);
			path = Labels;
			sourceTree = "<group>";
		};
		AF59812E2C09BBA8007B9DB7 /* ItemInfoVCs */ = {
			isa = PBXGroup;
			children = (
				AF5981272C09B4CF007B9DB7 /* GFItemInfoVC.swift */,
				AF5981292C09B92B007B9DB7 /* GFRepoItemVC.swift */,
				AF59812B2C09BB35007B9DB7 /* GFFollowerItemVC.swift */,
			);
			path = ItemInfoVCs;
			sourceTree = "<group>";
		};
		AF5981372C0DD1DE007B9DB7 /* TabBarControllers */ = {
			isa = PBXGroup;
			children = (
				AF5981382C0DD205007B9DB7 /* GFTabBarController.swift */,
			);
			path = TabBarControllers;
			sourceTree = "<group>";
		};
		AFDEF86C2BE0F4BA0050AA54 = {
			isa = PBXGroup;
			children = (
				AFDEF8772BE0F4BA0050AA54 /* GitHubFollowers */,
				AFDEF8762BE0F4BA0050AA54 /* Products */,
			);
			sourceTree = "<group>";
		};
		AFDEF8762BE0F4BA0050AA54 /* Products */ = {
			isa = PBXGroup;
			children = (
				AFDEF8752BE0F4BA0050AA54 /* GitHubFollowers.app */,
			);
			name = Products;
			sourceTree = "<group>";
		};
		AFDEF8772BE0F4BA0050AA54 /* GitHubFollowers */ = {
			isa = PBXGroup;
			children = (
				AFFD3F3F2BEA15FD000A1AC2 /* Utilities */,
				AFFD3F3C2BE9FC66000A1AC2 /* Managers */,
				AFFD3F372BE8CB5B000A1AC2 /* Model */,
				AFFD3F352BE8C628000A1AC2 /* Extensions */,
				AFFD3F342BE8C59A000A1AC2 /* Custom Views */,
				AFFD3F332BE8C50D000A1AC2 /* Screens */,
				AFFD3F362BE8C68E000A1AC2 /* Support */,
				AFDEF8862BE0F4BC0050AA54 /* Info.plist */,
			);
			path = GitHubFollowers;
			sourceTree = "<group>";
		};
		AFFD3F332BE8C50D000A1AC2 /* Screens */ = {
			isa = PBXGroup;
			children = (
				AFFD3F1C2BE54DFF000A1AC2 /* SearchVC.swift */,
				AFFD3F1E2BE54E3F000A1AC2 /* FavoritesListVC.swift */,
				AFFD3F292BE81319000A1AC2 /* FollowerListVC.swift */,
				AF59811B2C0712CD007B9DB7 /* UserInfoVC.swift */,
			);
			path = Screens;
			sourceTree = "<group>";
		};
		AFFD3F342BE8C59A000A1AC2 /* Custom Views */ = {
			isa = PBXGroup;
			children = (
				AF5981372C0DD1DE007B9DB7 /* TabBarControllers */,
				AF5981152C061784007B9DB7 /* Labels */,
				AF5981142C061768007B9DB7 /* Controllers */,
				AF5981132C061758007B9DB7 /* ImageViews */,
				AF5981122C061747007B9DB7 /* TextFields */,
				AF5981112C061738007B9DB7 /* Buttons */,
				AF5981102C061730007B9DB7 /* Views */,
				AFFD3F422BEA40CA000A1AC2 /* Cells */,
			);
			path = "Custom Views";
			sourceTree = "<group>";
		};
		AFFD3F352BE8C628000A1AC2 /* Extensions */ = {
			isa = PBXGroup;
			children = (
				AFFD3F312BE8BFE3000A1AC2 /* UIViewController+Ext.swift */,
				AF59812F2C09C215007B9DB7 /* Date+Ext.swift */,
			);
			path = Extensions;
			sourceTree = "<group>";
		};
		AFFD3F362BE8C68E000A1AC2 /* Support */ = {
			isa = PBXGroup;
			children = (
				AFDEF8782BE0F4BA0050AA54 /* AppDelegate.swift */,
				AFDEF87A2BE0F4BA0050AA54 /* SceneDelegate.swift */,
				AFDEF8812BE0F4BC0050AA54 /* Assets.xcassets */,
				AFDEF8832BE0F4BC0050AA54 /* LaunchScreen.storyboard */,
			);
			path = Support;
			sourceTree = "<group>";
		};
		AFFD3F372BE8CB5B000A1AC2 /* Model */ = {
			isa = PBXGroup;
			children = (
				AFFD3F382BE8CB75000A1AC2 /* Follower.swift */,
				AFFD3F3A2BE96CF9000A1AC2 /* User.swift */,
			);
			path = Model;
			sourceTree = "<group>";
		};
		AFFD3F3C2BE9FC66000A1AC2 /* Managers */ = {
			isa = PBXGroup;
			children = (
				AFFD3F3D2BE9FC89000A1AC2 /* NetworkManager.swift */,
				AF5981332C09E8AB007B9DB7 /* PersistenceManager.swift */,
			);
			path = Managers;
			sourceTree = "<group>";
		};
		AFFD3F3F2BEA15FD000A1AC2 /* Utilities */ = {
			isa = PBXGroup;
			children = (
				AF9F9F902BFE3A4900538647 /* UIHelper.swift */,
				AF59811D2C0746FF007B9DB7 /* GFError.swift */,
				AF5981232C0750F2007B9DB7 /* Constants.swift */,
			);
			path = Utilities;
			sourceTree = "<group>";
		};
		AFFD3F422BEA40CA000A1AC2 /* Cells */ = {
			isa = PBXGroup;
			children = (
				AFFD3F432BEA4109000A1AC2 /* FollowerCell.swift */,
				AF5981352C0A05D0007B9DB7 /* FavoriteCell.swift */,
			);
			path = Cells;
			sourceTree = "<group>";
		};
/* End PBXGroup section */

/* Begin PBXNativeTarget section */
		AFDEF8742BE0F4BA0050AA54 /* GitHubFollowers */ = {
			isa = PBXNativeTarget;
			buildConfigurationList = AFDEF8892BE0F4BC0050AA54 /* Build configuration list for PBXNativeTarget "GitHubFollowers" */;
			buildPhases = (
				AFDEF8712BE0F4BA0050AA54 /* Sources */,
				AFDEF8722BE0F4BA0050AA54 /* Frameworks */,
				AFDEF8732BE0F4BA0050AA54 /* Resources */,
			);
			buildRules = (
			);
			dependencies = (
			);
			name = GitHubFollowers;
			packageProductDependencies = (
				AF59810C2C05F54B007B9DB7 /* SnapKit */,
				AF59810E2C05F54B007B9DB7 /* SnapKit-Dynamic */,
			);
			productName = GitHubFollowers;
			productReference = AFDEF8752BE0F4BA0050AA54 /* GitHubFollowers.app */;
			productType = "com.apple.product-type.application";
		};
/* End PBXNativeTarget section */

/* Begin PBXProject section */
		AFDEF86D2BE0F4BA0050AA54 /* Project object */ = {
			isa = PBXProject;
			attributes = {
				BuildIndependentTargetsInParallel = 1;
				LastSwiftUpdateCheck = 1530;
				LastUpgradeCheck = 1530;
				TargetAttributes = {
					AFDEF8742BE0F4BA0050AA54 = {
						CreatedOnToolsVersion = 15.3;
						LastSwiftMigration = 1520;
					};
				};
			};
			buildConfigurationList = AFDEF8702BE0F4BA0050AA54 /* Build configuration list for PBXProject "GitHubFollowers" */;
			compatibilityVersion = "Xcode 14.0";
			developmentRegion = en;
			hasScannedForEncodings = 0;
			knownRegions = (
				en,
				Base,
			);
			mainGroup = AFDEF86C2BE0F4BA0050AA54;
			packageReferences = (
				AFFD3F222BE7E8DA000A1AC2 /* XCRemoteSwiftPackageReference "SnapKit" */,
			);
			productRefGroup = AFDEF8762BE0F4BA0050AA54 /* Products */;
			projectDirPath = "";
			projectRoot = "";
			targets = (
				AFDEF8742BE0F4BA0050AA54 /* GitHubFollowers */,
			);
		};
/* End PBXProject section */

/* Begin PBXResourcesBuildPhase section */
		AFDEF8732BE0F4BA0050AA54 /* Resources */ = {
			isa = PBXResourcesBuildPhase;
			buildActionMask = 2147483647;
			files = (
				AFDEF8822BE0F4BC0050AA54 /* Assets.xcassets in Resources */,
				AFDEF8852BE0F4BC0050AA54 /* Base in Resources */,
			);
			runOnlyForDeploymentPostprocessing = 0;
		};
/* End PBXResourcesBuildPhase section */

/* Begin PBXSourcesBuildPhase section */
		AFDEF8712BE0F4BA0050AA54 /* Sources */ = {
			isa = PBXSourcesBuildPhase;
			buildActionMask = 2147483647;
			files = (
				AFFD3F3B2BE96CF9000A1AC2 /* User.swift in Sources */,
				AFFD3F282BE7EF7C000A1AC2 /* GFTextField.swift in Sources */,
				AFFD3F1F2BE54E3F000A1AC2 /* FavoritesListVC.swift in Sources */,
				AFFD3F212BE55CFC000A1AC2 /* GFButton.swift in Sources */,
				AFFD3F322BE8BFE3000A1AC2 /* UIViewController+Ext.swift in Sources */,
				AF9F9F912BFE3A4900538647 /* UIHelper.swift in Sources */,
				AF5981282C09B4CF007B9DB7 /* GFItemInfoVC.swift in Sources */,
				AF5981242C0750F2007B9DB7 /* Constants.swift in Sources */,
				AFFD3F462BEA41EA000A1AC2 /* GFAvatarImageView.swift in Sources */,
				AFFD3F1D2BE54DFF000A1AC2 /* SearchVC.swift in Sources */,
				AFFD3F302BE8AB4F000A1AC2 /* GFAlertVC.swift in Sources */,
				AF59812C2C09BB35007B9DB7 /* GFFollowerItemVC.swift in Sources */,
				AF5981262C075D7D007B9DB7 /* GFItemInfoView.swift in Sources */,
				AF5981362C0A05D0007B9DB7 /* FavoriteCell.swift in Sources */,
				AFFD3F442BEA4109000A1AC2 /* FollowerCell.swift in Sources */,
				AF5981392C0DD205007B9DB7 /* GFTabBarController.swift in Sources */,
				AF5981342C09E8AB007B9DB7 /* PersistenceManager.swift in Sources */,
				AFFD3F2E2BE8AA29000A1AC2 /* GFBodyLabel.swift in Sources */,
				AF5981202C074966007B9DB7 /* GFUserInfoHeaderVC.swift in Sources */,
				AF59813D2C0DF171007B9DB7 /* GFDataLoadingVC.swift in Sources */,
				AF59811E2C0746FF007B9DB7 /* GFError.swift in Sources */,
				AFFD3F392BE8CB75000A1AC2 /* Follower.swift in Sources */,
				AFFD3F2C2BE8199D000A1AC2 /* GFTitleLabel.swift in Sources */,
				AF59813B2C0DE686007B9DB7 /* GFAlertContainerView.swift in Sources */,
				AF5981302C09C215007B9DB7 /* Date+Ext.swift in Sources */,
				AF5981222C0749E9007B9DB7 /* GFSecondaryTitleLabel.swift in Sources */,
				AF59811A2C061816007B9DB7 /* GFEmptyStateView.swift in Sources */,
				AFFD3F3E2BE9FC89000A1AC2 /* NetworkManager.swift in Sources */,
				AFFD3F2A2BE81319000A1AC2 /* FollowerListVC.swift in Sources */,
				AFDEF8792BE0F4BA0050AA54 /* AppDelegate.swift in Sources */,
				AFDEF87B2BE0F4BA0050AA54 /* SceneDelegate.swift in Sources */,
				AF59812A2C09B92B007B9DB7 /* GFRepoItemVC.swift in Sources */,
				AF59811C2C0712CD007B9DB7 /* UserInfoVC.swift in Sources */,
			);
			runOnlyForDeploymentPostprocessing = 0;
		};
/* End PBXSourcesBuildPhase section */

/* Begin PBXVariantGroup section */
		AFDEF8832BE0F4BC0050AA54 /* LaunchScreen.storyboard */ = {
			isa = PBXVariantGroup;
			children = (
				AFDEF8842BE0F4BC0050AA54 /* Base */,
			);
			name = LaunchScreen.storyboard;
			sourceTree = "<group>";
		};
/* End PBXVariantGroup section */

/* Begin XCBuildConfiguration section */
		AFDEF8872BE0F4BC0050AA54 /* Debug */ = {
			isa = XCBuildConfiguration;
			buildSettings = {
				ALWAYS_SEARCH_USER_PATHS = NO;
				ASSETCATALOG_COMPILER_GENERATE_SWIFT_ASSET_SYMBOL_EXTENSIONS = YES;
				CLANG_ANALYZER_NONNULL = YES;
				CLANG_ANALYZER_NUMBER_OBJECT_CONVERSION = YES_AGGRESSIVE;
				CLANG_CXX_LANGUAGE_STANDARD = "gnu++20";
				CLANG_ENABLE_MODULES = YES;
				CLANG_ENABLE_OBJC_ARC = YES;
				CLANG_ENABLE_OBJC_WEAK = YES;
				CLANG_WARN_BLOCK_CAPTURE_AUTORELEASING = YES;
				CLANG_WARN_BOOL_CONVERSION = YES;
				CLANG_WARN_COMMA = YES;
				CLANG_WARN_CONSTANT_CONVERSION = YES;
				CLANG_WARN_DEPRECATED_OBJC_IMPLEMENTATIONS = YES;
				CLANG_WARN_DIRECT_OBJC_ISA_USAGE = YES_ERROR;
				CLANG_WARN_DOCUMENTATION_COMMENTS = YES;
				CLANG_WARN_EMPTY_BODY = YES;
				CLANG_WARN_ENUM_CONVERSION = YES;
				CLANG_WARN_INFINITE_RECURSION = YES;
				CLANG_WARN_INT_CONVERSION = YES;
				CLANG_WARN_NON_LITERAL_NULL_CONVERSION = YES;
				CLANG_WARN_OBJC_IMPLICIT_RETAIN_SELF = YES;
				CLANG_WARN_OBJC_LITERAL_CONVERSION = YES;
				CLANG_WARN_OBJC_ROOT_CLASS = YES_ERROR;
				CLANG_WARN_QUOTED_INCLUDE_IN_FRAMEWORK_HEADER = YES;
				CLANG_WARN_RANGE_LOOP_ANALYSIS = YES;
				CLANG_WARN_STRICT_PROTOTYPES = YES;
				CLANG_WARN_SUSPICIOUS_MOVE = YES;
				CLANG_WARN_UNGUARDED_AVAILABILITY = YES_AGGRESSIVE;
				CLANG_WARN_UNREACHABLE_CODE = YES;
				CLANG_WARN__DUPLICATE_METHOD_MATCH = YES;
				COPY_PHASE_STRIP = NO;
				DEBUG_INFORMATION_FORMAT = dwarf;
				ENABLE_STRICT_OBJC_MSGSEND = YES;
				ENABLE_TESTABILITY = YES;
				ENABLE_USER_SCRIPT_SANDBOXING = YES;
				GCC_C_LANGUAGE_STANDARD = gnu17;
				GCC_DYNAMIC_NO_PIC = NO;
				GCC_NO_COMMON_BLOCKS = YES;
				GCC_OPTIMIZATION_LEVEL = 0;
				GCC_PREPROCESSOR_DEFINITIONS = (
					"DEBUG=1",
					"$(inherited)",
				);
				GCC_WARN_64_TO_32_BIT_CONVERSION = YES;
				GCC_WARN_ABOUT_RETURN_TYPE = YES_ERROR;
				GCC_WARN_UNDECLARED_SELECTOR = YES;
				GCC_WARN_UNINITIALIZED_AUTOS = YES_AGGRESSIVE;
				GCC_WARN_UNUSED_FUNCTION = YES;
				GCC_WARN_UNUSED_VARIABLE = YES;
				IPHONEOS_DEPLOYMENT_TARGET = 17.4;
				LOCALIZATION_PREFERS_STRING_CATALOGS = YES;
				MTL_ENABLE_DEBUG_INFO = INCLUDE_SOURCE;
				MTL_FAST_MATH = YES;
				ONLY_ACTIVE_ARCH = YES;
				SDKROOT = iphoneos;
				SWIFT_ACTIVE_COMPILATION_CONDITIONS = "DEBUG $(inherited)";
				SWIFT_OPTIMIZATION_LEVEL = "-Onone";
			};
			name = Debug;
		};
		AFDEF8882BE0F4BC0050AA54 /* Release */ = {
			isa = XCBuildConfiguration;
			buildSettings = {
				ALWAYS_SEARCH_USER_PATHS = NO;
				ASSETCATALOG_COMPILER_GENERATE_SWIFT_ASSET_SYMBOL_EXTENSIONS = YES;
				CLANG_ANALYZER_NONNULL = YES;
				CLANG_ANALYZER_NUMBER_OBJECT_CONVERSION = YES_AGGRESSIVE;
				CLANG_CXX_LANGUAGE_STANDARD = "gnu++20";
				CLANG_ENABLE_MODULES = YES;
				CLANG_ENABLE_OBJC_ARC = YES;
				CLANG_ENABLE_OBJC_WEAK = YES;
				CLANG_WARN_BLOCK_CAPTURE_AUTORELEASING = YES;
				CLANG_WARN_BOOL_CONVERSION = YES;
				CLANG_WARN_COMMA = YES;
				CLANG_WARN_CONSTANT_CONVERSION = YES;
				CLANG_WARN_DEPRECATED_OBJC_IMPLEMENTATIONS = YES;
				CLANG_WARN_DIRECT_OBJC_ISA_USAGE = YES_ERROR;
				CLANG_WARN_DOCUMENTATION_COMMENTS = YES;
				CLANG_WARN_EMPTY_BODY = YES;
				CLANG_WARN_ENUM_CONVERSION = YES;
				CLANG_WARN_INFINITE_RECURSION = YES;
				CLANG_WARN_INT_CONVERSION = YES;
				CLANG_WARN_NON_LITERAL_NULL_CONVERSION = YES;
				CLANG_WARN_OBJC_IMPLICIT_RETAIN_SELF = YES;
				CLANG_WARN_OBJC_LITERAL_CONVERSION = YES;
				CLANG_WARN_OBJC_ROOT_CLASS = YES_ERROR;
				CLANG_WARN_QUOTED_INCLUDE_IN_FRAMEWORK_HEADER = YES;
				CLANG_WARN_RANGE_LOOP_ANALYSIS = YES;
				CLANG_WARN_STRICT_PROTOTYPES = YES;
				CLANG_WARN_SUSPICIOUS_MOVE = YES;
				CLANG_WARN_UNGUARDED_AVAILABILITY = YES_AGGRESSIVE;
				CLANG_WARN_UNREACHABLE_CODE = YES;
				CLANG_WARN__DUPLICATE_METHOD_MATCH = YES;
				COPY_PHASE_STRIP = NO;
				DEBUG_INFORMATION_FORMAT = "dwarf-with-dsym";
				ENABLE_NS_ASSERTIONS = NO;
				ENABLE_STRICT_OBJC_MSGSEND = YES;
				ENABLE_USER_SCRIPT_SANDBOXING = YES;
				GCC_C_LANGUAGE_STANDARD = gnu17;
				GCC_NO_COMMON_BLOCKS = YES;
				GCC_WARN_64_TO_32_BIT_CONVERSION = YES;
				GCC_WARN_ABOUT_RETURN_TYPE = YES_ERROR;
				GCC_WARN_UNDECLARED_SELECTOR = YES;
				GCC_WARN_UNINITIALIZED_AUTOS = YES_AGGRESSIVE;
				GCC_WARN_UNUSED_FUNCTION = YES;
				GCC_WARN_UNUSED_VARIABLE = YES;
				IPHONEOS_DEPLOYMENT_TARGET = 17.4;
				LOCALIZATION_PREFERS_STRING_CATALOGS = YES;
				MTL_ENABLE_DEBUG_INFO = NO;
				MTL_FAST_MATH = YES;
				SDKROOT = iphoneos;
				SWIFT_COMPILATION_MODE = wholemodule;
				VALIDATE_PRODUCT = YES;
			};
			name = Release;
		};
		AFDEF88A2BE0F4BC0050AA54 /* Debug */ = {
			isa = XCBuildConfiguration;
			buildSettings = {
				ASSETCATALOG_COMPILER_APPICON_NAME = AppIcon;
				ASSETCATALOG_COMPILER_GLOBAL_ACCENT_COLOR_NAME = AccentColor;
				CLANG_ENABLE_MODULES = YES;
				CODE_SIGN_STYLE = Automatic;
				CURRENT_PROJECT_VERSION = 1;
				DEVELOPMENT_TEAM = 46KN7896SK;
				GENERATE_INFOPLIST_FILE = YES;
				INFOPLIST_FILE = GitHubFollowers/Info.plist;
				INFOPLIST_KEY_UIApplicationSupportsIndirectInputEvents = YES;
				INFOPLIST_KEY_UILaunchStoryboardName = LaunchScreen;
				INFOPLIST_KEY_UISupportedInterfaceOrientations = UIInterfaceOrientationPortrait;
				IPHONEOS_DEPLOYMENT_TARGET = 17.0;
				LD_RUNPATH_SEARCH_PATHS = (
					"$(inherited)",
					"@executable_path/Frameworks",
				);
				MARKETING_VERSION = 1.0;
				PRODUCT_BUNDLE_IDENTIFIER = resedat.GitHubFollowers;
				PRODUCT_NAME = "$(TARGET_NAME)";
				SUPPORTED_PLATFORMS = "iphoneos iphonesimulator";
				SUPPORTS_MACCATALYST = NO;
				SUPPORTS_MAC_DESIGNED_FOR_IPHONE_IPAD = NO;
				SUPPORTS_XR_DESIGNED_FOR_IPHONE_IPAD = NO;
				SWIFT_EMIT_LOC_STRINGS = YES;
				SWIFT_OPTIMIZATION_LEVEL = "-Onone";
				SWIFT_VERSION = 5.0;
				TARGETED_DEVICE_FAMILY = 1;
			};
			name = Debug;
		};
		AFDEF88B2BE0F4BC0050AA54 /* Release */ = {
			isa = XCBuildConfiguration;
			buildSettings = {
				ASSETCATALOG_COMPILER_APPICON_NAME = AppIcon;
				ASSETCATALOG_COMPILER_GLOBAL_ACCENT_COLOR_NAME = AccentColor;
				CLANG_ENABLE_MODULES = YES;
				CODE_SIGN_STYLE = Automatic;
				CURRENT_PROJECT_VERSION = 1;
				DEVELOPMENT_TEAM = 46KN7896SK;
				GENERATE_INFOPLIST_FILE = YES;
				INFOPLIST_FILE = GitHubFollowers/Info.plist;
				INFOPLIST_KEY_UIApplicationSupportsIndirectInputEvents = YES;
				INFOPLIST_KEY_UILaunchStoryboardName = LaunchScreen;
				INFOPLIST_KEY_UISupportedInterfaceOrientations = UIInterfaceOrientationPortrait;
				IPHONEOS_DEPLOYMENT_TARGET = 17.0;
				LD_RUNPATH_SEARCH_PATHS = (
					"$(inherited)",
					"@executable_path/Frameworks",
				);
				MARKETING_VERSION = 1.0;
				PRODUCT_BUNDLE_IDENTIFIER = resedat.GitHubFollowers;
				PRODUCT_NAME = "$(TARGET_NAME)";
				SUPPORTED_PLATFORMS = "iphoneos iphonesimulator";
				SUPPORTS_MACCATALYST = NO;
				SUPPORTS_MAC_DESIGNED_FOR_IPHONE_IPAD = NO;
				SUPPORTS_XR_DESIGNED_FOR_IPHONE_IPAD = NO;
				SWIFT_EMIT_LOC_STRINGS = YES;
				SWIFT_VERSION = 5.0;
				TARGETED_DEVICE_FAMILY = 1;
			};
			name = Release;
		};
/* End XCBuildConfiguration section */

/* Begin XCConfigurationList section */
		AFDEF8702BE0F4BA0050AA54 /* Build configuration list for PBXProject "GitHubFollowers" */ = {
			isa = XCConfigurationList;
			buildConfigurations = (
				AFDEF8872BE0F4BC0050AA54 /* Debug */,
				AFDEF8882BE0F4BC0050AA54 /* Release */,
			);
			defaultConfigurationIsVisible = 0;
			defaultConfigurationName = Release;
		};
		AFDEF8892BE0F4BC0050AA54 /* Build configuration list for PBXNativeTarget "GitHubFollowers" */ = {
			isa = XCConfigurationList;
			buildConfigurations = (
				AFDEF88A2BE0F4BC0050AA54 /* Debug */,
				AFDEF88B2BE0F4BC0050AA54 /* Release */,
			);
			defaultConfigurationIsVisible = 0;
			defaultConfigurationName = Release;
		};
/* End XCConfigurationList section */

/* Begin XCRemoteSwiftPackageReference section */
		AFFD3F222BE7E8DA000A1AC2 /* XCRemoteSwiftPackageReference "SnapKit" */ = {
			isa = XCRemoteSwiftPackageReference;
			repositoryURL = "https://github.com/SnapKit/SnapKit.git";
			requirement = {
				kind = upToNextMajorVersion;
				minimumVersion = 5.7.1;
			};
		};
/* End XCRemoteSwiftPackageReference section */

/* Begin XCSwiftPackageProductDependency section */
		AF59810C2C05F54B007B9DB7 /* SnapKit */ = {
			isa = XCSwiftPackageProductDependency;
			package = AFFD3F222BE7E8DA000A1AC2 /* XCRemoteSwiftPackageReference "SnapKit" */;
			productName = SnapKit;
		};
		AF59810E2C05F54B007B9DB7 /* SnapKit-Dynamic */ = {
			isa = XCSwiftPackageProductDependency;
			package = AFFD3F222BE7E8DA000A1AC2 /* XCRemoteSwiftPackageReference "SnapKit" */;
			productName = "SnapKit-Dynamic";
		};
/* End XCSwiftPackageProductDependency section */
	};
	rootObject = AFDEF86D2BE0F4BA0050AA54 /* Project object */;
}
